
Microsoft Visual Studio Solution File, Format Version 12.00
# Visual Studio Version 16
VisualStudioVersion = 16.0.32413.511
MinimumVisualStudioVersion = 10.0.40219.1
Project("{159641D6-6404-4A2A-AE62-294DE0FE8301}") = "myDW_ETL2", "myDW_ETL2.dtproj", "{848F626A-8EEE-493C-83F7-FACD7B9BEEA6}"
EndProject
Global
	GlobalSection(SolutionConfigurationPlatforms) = preSolution
		Development|Default = Development|Default
	EndGlobalSection
	GlobalSection(ProjectConfigurationPlatforms) = postSolution
		{848F626A-8EEE-493C-83F7-FACD7B9BEEA6}.Development|Default.ActiveCfg = Development
		{848F626A-8EEE-493C-83F7-FACD7B9BEEA6}.Development|Default.Build.0 = Development
	EndGlobalSection
	GlobalSection(SolutionProperties) = preSolution
		HideSolutionNode = FALSE
	EndGlobalSection
	GlobalSection(ExtensibilityGlobals) = postSolution
		SolutionGuid = {5E893D0F-4967-487E-A5BE-DE4B83BDE2AD}
	EndGlobalSection
EndGlobal
